{
  "name": "conv",
  "version": "1.0.0",
  "lockfileVersion": 2,
  "requires": true,
  "packages": {
    "": {
      "name": "conv",
      "version": "1.0.0",
      "license": "ISC",
      "dependencies": {
        "@zeropxwz/read-arguments": "^1.0.1"
      }
    },
    "node_modules/@zeropxwz/read-arguments": {
      "version": "1.0.1",
      "resolved": "https://registry.npmjs.org/@zeropxwz/read-arguments/-/read-arguments-1.0.1.tgz",
      "integrity": "sha512-4dy0AJyQ9vM53GFTnqIBVMhPnzhgNoGN0LBugJ6KsgBDZqNKYPVhCSn6YJyAwI6RPDaZyd+f819O3jpXPrMzZw=="
    }
  },
  "dependencies": {
    "@zeropxwz/read-arguments": {
      "version": "1.0.1",
      "resolved": "https://registry.npmjs.org/@zeropxwz/read-arguments/-/read-arguments-1.0.1.tgz",
      "integrity": "sha512-4dy0AJyQ9vM53GFTnqIBVMhPnzhgNoGN0LBugJ6KsgBDZqNKYPVhCSn6YJyAwI6RPDaZyd+f819O3jpXPrMzZw=="
    }
  }
}
